
Microsoft Visual Studio Solution File, Format Version 11.00
# Visual Studio 2010
Project("{FAE04EC0-301F-11D3-BF4B-00C04F79EFBC}") = "SaaS.Web", "SaaS.Web\SaaS.Web.csproj", "{730B39A9-2258-49D5-B240-8D1F70D07E1D}"
EndProject
Project("{FAE04EC0-301F-11D3-BF4B-00C04F79EFBC}") = "SaaS.Contracts", "SaaS.Contracts\SaaS.Contracts.csproj", "{2A4A9A2C-5D8D-4078-B118-02A1D386A9FA}"
EndProject
Project("{FAE04EC0-301F-11D3-BF4B-00C04F79EFBC}") = "Cqrs.Portable", "Cqrs.Portable\Cqrs.Portable.csproj", "{4E2E749C-4D6F-4EF8-8E9D-96D467306997}"
EndProject
Project("{FAE04EC0-301F-11D3-BF4B-00C04F79EFBC}") = "SaaS.Wires", "SaaS.Wires\SaaS.Wires.csproj", "{A6870FB6-D70D-4C70-81C8-74C191765FBC}"
EndProject
Project("{FAE04EC0-301F-11D3-BF4B-00C04F79EFBC}") = "SaaS.Client", "SaaS.Client\SaaS.Client.csproj", "{F31841AC-CA87-4441-B906-6D4502307E97}"
EndProject
Project("{FAE04EC0-301F-11D3-BF4B-00C04F79EFBC}") = "Cqrs.Azure", "Cqrs.Azure\Cqrs.Azure.csproj", "{AEE2B47D-591D-42B5-8EDC-CC676A661F9D}"
EndProject
Project("{FAE04EC0-301F-11D3-BF4B-00C04F79EFBC}") = "SaaS.Domain", "SaaS.Domain\SaaS.Domain.csproj", "{85F10E26-B454-4719-9ADD-A8CD147B0AE4}"
EndProject
Project("{FAE04EC0-301F-11D3-BF4B-00C04F79EFBC}") = "SaaS.Engine", "SaaS.Engine\SaaS.Engine.csproj", "{B779539D-04DD-4267-BE4B-707AA0DAF43D}"
EndProject
Project("{FAE04EC0-301F-11D3-BF4B-00C04F79EFBC}") = "Dsl", "Tools\Dsl\Dsl.csproj", "{2CD8DF0F-5CEF-4938-BC26-B3446D2B3044}"
EndProject
Project("{FAE04EC0-301F-11D3-BF4B-00C04F79EFBC}") = "Audit", "Tools\Audit\Audit.csproj", "{BC973EC1-80D2-4F06-A078-0A7E44E3AE8C}"
EndProject
Project("{FAE04EC0-301F-11D3-BF4B-00C04F79EFBC}") = "SimpleTests", "Tools\SimpleTests\SimpleTests.csproj", "{861D2282-FC25-424A-BA0C-84FFC3798C51}"
EndProject
Project("{FAE04EC0-301F-11D3-BF4B-00C04F79EFBC}") = "SaaS.Domain.Tests", "SaaS.Domain.Tests\SaaS.Domain.Tests.csproj", "{6851BB9D-1A9B-4CAB-9424-79D07992D9C6}"
EndProject
Global
	GlobalSection(SolutionConfigurationPlatforms) = preSolution
		Debug|Any CPU = Debug|Any CPU
		Debug|Mixed Platforms = Debug|Mixed Platforms
		Debug|x86 = Debug|x86
		Release|Any CPU = Release|Any CPU
		Release|Mixed Platforms = Release|Mixed Platforms
		Release|x86 = Release|x86
	EndGlobalSection
	GlobalSection(ProjectConfigurationPlatforms) = postSolution
		{730B39A9-2258-49D5-B240-8D1F70D07E1D}.Debug|Any CPU.ActiveCfg = Debug|Any CPU
		{730B39A9-2258-49D5-B240-8D1F70D07E1D}.Debug|Any CPU.Build.0 = Debug|Any CPU
		{730B39A9-2258-49D5-B240-8D1F70D07E1D}.Debug|Mixed Platforms.ActiveCfg = Debug|Any CPU
		{730B39A9-2258-49D5-B240-8D1F70D07E1D}.Debug|Mixed Platforms.Build.0 = Debug|Any CPU
		{730B39A9-2258-49D5-B240-8D1F70D07E1D}.Debug|x86.ActiveCfg = Debug|Any CPU
		{730B39A9-2258-49D5-B240-8D1F70D07E1D}.Release|Any CPU.ActiveCfg = Release|Any CPU
		{730B39A9-2258-49D5-B240-8D1F70D07E1D}.Release|Any CPU.Build.0 = Release|Any CPU
		{730B39A9-2258-49D5-B240-8D1F70D07E1D}.Release|Mixed Platforms.ActiveCfg = Release|Any CPU
		{730B39A9-2258-49D5-B240-8D1F70D07E1D}.Release|Mixed Platforms.Build.0 = Release|Any CPU
		{730B39A9-2258-49D5-B240-8D1F70D07E1D}.Release|x86.ActiveCfg = Release|Any CPU
		{2A4A9A2C-5D8D-4078-B118-02A1D386A9FA}.Debug|Any CPU.ActiveCfg = Debug|Any CPU
		{2A4A9A2C-5D8D-4078-B118-02A1D386A9FA}.Debug|Any CPU.Build.0 = Debug|Any CPU
		{2A4A9A2C-5D8D-4078-B118-02A1D386A9FA}.Debug|Mixed Platforms.ActiveCfg = Debug|Any CPU
		{2A4A9A2C-5D8D-4078-B118-02A1D386A9FA}.Debug|Mixed Platforms.Build.0 = Debug|Any CPU
		{2A4A9A2C-5D8D-4078-B118-02A1D386A9FA}.Debug|x86.ActiveCfg = Debug|Any CPU
		{2A4A9A2C-5D8D-4078-B118-02A1D386A9FA}.Release|Any CPU.ActiveCfg = Release|Any CPU
		{2A4A9A2C-5D8D-4078-B118-02A1D386A9FA}.Release|Any CPU.Build.0 = Release|Any CPU
		{2A4A9A2C-5D8D-4078-B118-02A1D386A9FA}.Release|Mixed Platforms.ActiveCfg = Release|Any CPU
		{2A4A9A2C-5D8D-4078-B118-02A1D386A9FA}.Release|Mixed Platforms.Build.0 = Release|Any CPU
		{2A4A9A2C-5D8D-4078-B118-02A1D386A9FA}.Release|x86.ActiveCfg = Release|Any CPU
		{4E2E749C-4D6F-4EF8-8E9D-96D467306997}.Debug|Any CPU.ActiveCfg = Debug|Any CPU
		{4E2E749C-4D6F-4EF8-8E9D-96D467306997}.Debug|Any CPU.Build.0 = Debug|Any CPU
		{4E2E749C-4D6F-4EF8-8E9D-96D467306997}.Debug|Mixed Platforms.ActiveCfg = Debug|Any CPU
		{4E2E749C-4D6F-4EF8-8E9D-96D467306997}.Debug|Mixed Platforms.Build.0 = Debug|Any CPU
		{4E2E749C-4D6F-4EF8-8E9D-96D467306997}.Debug|x86.ActiveCfg = Debug|Any CPU
		{4E2E749C-4D6F-4EF8-8E9D-96D467306997}.Release|Any CPU.ActiveCfg = Release|Any CPU
		{4E2E749C-4D6F-4EF8-8E9D-96D467306997}.Release|Any CPU.Build.0 = Release|Any CPU
		{4E2E749C-4D6F-4EF8-8E9D-96D467306997}.Release|Mixed Platforms.ActiveCfg = Release|Any CPU
		{4E2E749C-4D6F-4EF8-8E9D-96D467306997}.Release|Mixed Platforms.Build.0 = Release|Any CPU
		{4E2E749C-4D6F-4EF8-8E9D-96D467306997}.Release|x86.ActiveCfg = Release|Any CPU
		{A6870FB6-D70D-4C70-81C8-74C191765FBC}.Debug|Any CPU.ActiveCfg = Debug|Any CPU
		{A6870FB6-D70D-4C70-81C8-74C191765FBC}.Debug|Any CPU.Build.0 = Debug|Any CPU
		{A6870FB6-D70D-4C70-81C8-74C191765FBC}.Debug|Mixed Platforms.ActiveCfg = Debug|Any CPU
		{A6870FB6-D70D-4C70-81C8-74C191765FBC}.Debug|Mixed Platforms.Build.0 = Debug|Any CPU
		{A6870FB6-D70D-4C70-81C8-74C191765FBC}.Debug|x86.ActiveCfg = Debug|Any CPU
		{A6870FB6-D70D-4C70-81C8-74C191765FBC}.Release|Any CPU.ActiveCfg = Release|Any CPU
		{A6870FB6-D70D-4C70-81C8-74C191765FBC}.Release|Any CPU.Build.0 = Release|Any CPU
		{A6870FB6-D70D-4C70-81C8-74C191765FBC}.Release|Mixed Platforms.ActiveCfg = Release|Any CPU
		{A6870FB6-D70D-4C70-81C8-74C191765FBC}.Release|Mixed Platforms.Build.0 = Release|Any CPU
		{A6870FB6-D70D-4C70-81C8-74C191765FBC}.Release|x86.ActiveCfg = Release|Any CPU
		{F31841AC-CA87-4441-B906-6D4502307E97}.Debug|Any CPU.ActiveCfg = Debug|Any CPU
		{F31841AC-CA87-4441-B906-6D4502307E97}.Debug|Any CPU.Build.0 = Debug|Any CPU
		{F31841AC-CA87-4441-B906-6D4502307E97}.Debug|Mixed Platforms.ActiveCfg = Debug|Any CPU
		{F31841AC-CA87-4441-B906-6D4502307E97}.Debug|Mixed Platforms.Build.0 = Debug|Any CPU
		{F31841AC-CA87-4441-B906-6D4502307E97}.Debug|x86.ActiveCfg = Debug|Any CPU
		{F31841AC-CA87-4441-B906-6D4502307E97}.Release|Any CPU.ActiveCfg = Release|Any CPU
		{F31841AC-CA87-4441-B906-6D4502307E97}.Release|Any CPU.Build.0 = Release|Any CPU
		{F31841AC-CA87-4441-B906-6D4502307E97}.Release|Mixed Platforms.ActiveCfg = Release|Any CPU
		{F31841AC-CA87-4441-B906-6D4502307E97}.Release|Mixed Platforms.Build.0 = Release|Any CPU
		{F31841AC-CA87-4441-B906-6D4502307E97}.Release|x86.ActiveCfg = Release|Any CPU
		{AEE2B47D-591D-42B5-8EDC-CC676A661F9D}.Debug|Any CPU.ActiveCfg = Debug|Any CPU
		{AEE2B47D-591D-42B5-8EDC-CC676A661F9D}.Debug|Any CPU.Build.0 = Debug|Any CPU
		{AEE2B47D-591D-42B5-8EDC-CC676A661F9D}.Debug|Mixed Platforms.ActiveCfg = Debug|Any CPU
		{AEE2B47D-591D-42B5-8EDC-CC676A661F9D}.Debug|Mixed Platforms.Build.0 = Debug|Any CPU
		{AEE2B47D-591D-42B5-8EDC-CC676A661F9D}.Debug|x86.ActiveCfg = Debug|Any CPU
		{AEE2B47D-591D-42B5-8EDC-CC676A661F9D}.Release|Any CPU.ActiveCfg = Release|Any CPU
		{AEE2B47D-591D-42B5-8EDC-CC676A661F9D}.Release|Any CPU.Build.0 = Release|Any CPU
		{AEE2B47D-591D-42B5-8EDC-CC676A661F9D}.Release|Mixed Platforms.ActiveCfg = Release|Any CPU
		{AEE2B47D-591D-42B5-8EDC-CC676A661F9D}.Release|Mixed Platforms.Build.0 = Release|Any CPU
		{AEE2B47D-591D-42B5-8EDC-CC676A661F9D}.Release|x86.ActiveCfg = Release|Any CPU
		{85F10E26-B454-4719-9ADD-A8CD147B0AE4}.Debug|Any CPU.ActiveCfg = Debug|Any CPU
		{85F10E26-B454-4719-9ADD-A8CD147B0AE4}.Debug|Any CPU.Build.0 = Debug|Any CPU
		{85F10E26-B454-4719-9ADD-A8CD147B0AE4}.Debug|Mixed Platforms.ActiveCfg = Debug|Any CPU
		{85F10E26-B454-4719-9ADD-A8CD147B0AE4}.Debug|Mixed Platforms.Build.0 = Debug|Any CPU
		{85F10E26-B454-4719-9ADD-A8CD147B0AE4}.Debug|x86.ActiveCfg = Debug|Any CPU
		{85F10E26-B454-4719-9ADD-A8CD147B0AE4}.Release|Any CPU.ActiveCfg = Release|Any CPU
		{85F10E26-B454-4719-9ADD-A8CD147B0AE4}.Release|Any CPU.Build.0 = Release|Any CPU
		{85F10E26-B454-4719-9ADD-A8CD147B0AE4}.Release|Mixed Platforms.ActiveCfg = Release|Any CPU
		{85F10E26-B454-4719-9ADD-A8CD147B0AE4}.Release|Mixed Platforms.Build.0 = Release|Any CPU
		{85F10E26-B454-4719-9ADD-A8CD147B0AE4}.Release|x86.ActiveCfg = Release|Any CPU
		{B779539D-04DD-4267-BE4B-707AA0DAF43D}.Debug|Any CPU.ActiveCfg = Debug|x86
		{B779539D-04DD-4267-BE4B-707AA0DAF43D}.Debug|Mixed Platforms.ActiveCfg = Debug|x86
		{B779539D-04DD-4267-BE4B-707AA0DAF43D}.Debug|Mixed Platforms.Build.0 = Debug|x86
		{B779539D-04DD-4267-BE4B-707AA0DAF43D}.Debug|x86.ActiveCfg = Debug|x86
		{B779539D-04DD-4267-BE4B-707AA0DAF43D}.Debug|x86.Build.0 = Debug|x86
		{B779539D-04DD-4267-BE4B-707AA0DAF43D}.Release|Any CPU.ActiveCfg = Release|x86
		{B779539D-04DD-4267-BE4B-707AA0DAF43D}.Release|Mixed Platforms.ActiveCfg = Release|x86
		{B779539D-04DD-4267-BE4B-707AA0DAF43D}.Release|Mixed Platforms.Build.0 = Release|x86
		{B779539D-04DD-4267-BE4B-707AA0DAF43D}.Release|x86.ActiveCfg = Release|x86
		{B779539D-04DD-4267-BE4B-707AA0DAF43D}.Release|x86.Build.0 = Release|x86
		{2CD8DF0F-5CEF-4938-BC26-B3446D2B3044}.Debug|Any CPU.ActiveCfg = Debug|Any CPU
		{2CD8DF0F-5CEF-4938-BC26-B3446D2B3044}.Debug|Any CPU.Build.0 = Debug|Any CPU
		{2CD8DF0F-5CEF-4938-BC26-B3446D2B3044}.Debug|Mixed Platforms.ActiveCfg = Debug|Any CPU
		{2CD8DF0F-5CEF-4938-BC26-B3446D2B3044}.Debug|Mixed Platforms.Build.0 = Debug|Any CPU
		{2CD8DF0F-5CEF-4938-BC26-B3446D2B3044}.Debug|x86.ActiveCfg = Debug|Any CPU
		{2CD8DF0F-5CEF-4938-BC26-B3446D2B3044}.Release|Any CPU.ActiveCfg = Release|Any CPU
		{2CD8DF0F-5CEF-4938-BC26-B3446D2B3044}.Release|Any CPU.Build.0 = Release|Any CPU
		{2CD8DF0F-5CEF-4938-BC26-B3446D2B3044}.Release|Mixed Platforms.ActiveCfg = Release|Any CPU
		{2CD8DF0F-5CEF-4938-BC26-B3446D2B3044}.Release|Mixed Platforms.Build.0 = Release|Any CPU
		{2CD8DF0F-5CEF-4938-BC26-B3446D2B3044}.Release|x86.ActiveCfg = Release|Any CPU
		{BC973EC1-80D2-4F06-A078-0A7E44E3AE8C}.Debug|Any CPU.ActiveCfg = Debug|Any CPU
		{BC973EC1-80D2-4F06-A078-0A7E44E3AE8C}.Debug|Any CPU.Build.0 = Debug|Any CPU
		{BC973EC1-80D2-4F06-A078-0A7E44E3AE8C}.Debug|Mixed Platforms.ActiveCfg = Debug|Any CPU
		{BC973EC1-80D2-4F06-A078-0A7E44E3AE8C}.Debug|Mixed Platforms.Build.0 = Debug|Any CPU
		{BC973EC1-80D2-4F06-A078-0A7E44E3AE8C}.Debug|x86.ActiveCfg = Debug|Any CPU
		{BC973EC1-80D2-4F06-A078-0A7E44E3AE8C}.Release|Any CPU.ActiveCfg = Release|Any CPU
		{BC973EC1-80D2-4F06-A078-0A7E44E3AE8C}.Release|Any CPU.Build.0 = Release|Any CPU
		{BC973EC1-80D2-4F06-A078-0A7E44E3AE8C}.Release|Mixed Platforms.ActiveCfg = Release|Any CPU
		{BC973EC1-80D2-4F06-A078-0A7E44E3AE8C}.Release|Mixed Platforms.Build.0 = Release|Any CPU
		{BC973EC1-80D2-4F06-A078-0A7E44E3AE8C}.Release|x86.ActiveCfg = Release|Any CPU
		{861D2282-FC25-424A-BA0C-84FFC3798C51}.Debug|Any CPU.ActiveCfg = Debug|Any CPU
		{861D2282-FC25-424A-BA0C-84FFC3798C51}.Debug|Any CPU.Build.0 = Debug|Any CPU
		{861D2282-FC25-424A-BA0C-84FFC3798C51}.Debug|Mixed Platforms.ActiveCfg = Debug|Any CPU
		{861D2282-FC25-424A-BA0C-84FFC3798C51}.Debug|Mixed Platforms.Build.0 = Debug|Any CPU
		{861D2282-FC25-424A-BA0C-84FFC3798C51}.Debug|x86.ActiveCfg = Debug|Any CPU
		{861D2282-FC25-424A-BA0C-84FFC3798C51}.Release|Any CPU.ActiveCfg = Release|Any CPU
		{861D2282-FC25-424A-BA0C-84FFC3798C51}.Release|Any CPU.Build.0 = Release|Any CPU
		{861D2282-FC25-424A-BA0C-84FFC3798C51}.Release|Mixed Platforms.ActiveCfg = Release|Any CPU
		{861D2282-FC25-424A-BA0C-84FFC3798C51}.Release|Mixed Platforms.Build.0 = Release|Any CPU
		{861D2282-FC25-424A-BA0C-84FFC3798C51}.Release|x86.ActiveCfg = Release|Any CPU
		{6851BB9D-1A9B-4CAB-9424-79D07992D9C6}.Debug|Any CPU.ActiveCfg = Debug|Any CPU
		{6851BB9D-1A9B-4CAB-9424-79D07992D9C6}.Debug|Any CPU.Build.0 = Debug|Any CPU
		{6851BB9D-1A9B-4CAB-9424-79D07992D9C6}.Debug|Mixed Platforms.ActiveCfg = Debug|Any CPU
		{6851BB9D-1A9B-4CAB-9424-79D07992D9C6}.Debug|Mixed Platforms.Build.0 = Debug|Any CPU
		{6851BB9D-1A9B-4CAB-9424-79D07992D9C6}.Debug|x86.ActiveCfg = Debug|Any CPU
		{6851BB9D-1A9B-4CAB-9424-79D07992D9C6}.Release|Any CPU.ActiveCfg = Release|Any CPU
		{6851BB9D-1A9B-4CAB-9424-79D07992D9C6}.Release|Any CPU.Build.0 = Release|Any CPU
		{6851BB9D-1A9B-4CAB-9424-79D07992D9C6}.Release|Mixed Platforms.ActiveCfg = Release|Any CPU
		{6851BB9D-1A9B-4CAB-9424-79D07992D9C6}.Release|Mixed Platforms.Build.0 = Release|Any CPU
		{6851BB9D-1A9B-4CAB-9424-79D07992D9C6}.Release|x86.ActiveCfg = Release|Any CPU
	EndGlobalSection
	GlobalSection(SolutionProperties) = preSolution
		HideSolutionNode = FALSE
	EndGlobalSection
EndGlobal
